{
  "name": "server",
  "lockfileVersion": 3,
  "requires": true,
  "packages": {
    "": {
      "dependencies": {
        "es6": "^0.0.7"
      }
    },
    "node_modules/es6": {
      "version": "0.0.7",
      "resolved": "https://registry.npmjs.org/es6/-/es6-0.0.7.tgz",
      "integrity": "sha512-B/IoUXCxacDpNLSjEpXg4TsYURqZRVCTPeq/aFmN9/r/tW/0A9CI9E9NRSV/eWXCf6oCzvqFk9btmaL38TfwxQ==",
      "engines": {
        "node": ">=0.4.9"
      },
      "license": {
        "name": "MIT",
        "url": "http://www.opensource.org/licenses/mit-license.php"
      }
    }
  }
}
